// !$*UTF8*$!
{
	archiveVersion = 1;
	classes = {
	};
	objectVersion = 50;
	objects = {

/* Begin PBXBuildFile section */
		4AF48053981E702ABBFC6538 /* Pods_GSnap.framework in Frameworks */ = {isa = PBXBuildFile; fileRef = A40C7386DA850F2AFD3ADEFF /* Pods_GSnap.framework */; };
		B01E543C220D152A00B3B8F0 /* AppDelegate.swift in Sources */ = {isa = PBXBuildFile; fileRef = B01E543B220D152A00B3B8F0 /* AppDelegate.swift */; };
		B01E543E220D152A00B3B8F0 /* LoginViewController.swift in Sources */ = {isa = PBXBuildFile; fileRef = B01E543D220D152A00B3B8F0 /* LoginViewController.swift */; };
		B01E5441220D152A00B3B8F0 /* Login.storyboard in Resources */ = {isa = PBXBuildFile; fileRef = B01E543F220D152A00B3B8F0 /* Login.storyboard */; };
		B01E5443220D152C00B3B8F0 /* Assets.xcassets in Resources */ = {isa = PBXBuildFile; fileRef = B01E5442220D152C00B3B8F0 /* Assets.xcassets */; };
		B01E5446220D152C00B3B8F0 /* LaunchScreen.storyboard in Resources */ = {isa = PBXBuildFile; fileRef = B01E5444220D152C00B3B8F0 /* LaunchScreen.storyboard */; };
		B01E544E220D1E0800B3B8F0 /* Api.swift in Sources */ = {isa = PBXBuildFile; fileRef = B01E544D220D1E0800B3B8F0 /* Api.swift */; };
		B01E5450220D26A700B3B8F0 /* Extension.swift in Sources */ = {isa = PBXBuildFile; fileRef = B01E544F220D26A700B3B8F0 /* Extension.swift */; };
		B01E5452220D2A9900B3B8F0 /* Main.storyboard in Resources */ = {isa = PBXBuildFile; fileRef = B01E5451220D2A9900B3B8F0 /* Main.storyboard */; };
		B01E5454220D2EE200B3B8F0 /* TimelineViewController.swift in Sources */ = {isa = PBXBuildFile; fileRef = B01E5453220D2EE200B3B8F0 /* TimelineViewController.swift */; };
		B01E5456220D45C900B3B8F0 /* User.swift in Sources */ = {isa = PBXBuildFile; fileRef = B01E5455220D45C900B3B8F0 /* User.swift */; };
		B01E5458220D460400B3B8F0 /* Post.swift in Sources */ = {isa = PBXBuildFile; fileRef = B01E5457220D460400B3B8F0 /* Post.swift */; };
		B04FA5952216506F007F049D /* TimelineCell.swift in Sources */ = {isa = PBXBuildFile; fileRef = B04FA5942216506F007F049D /* TimelineCell.swift */; };
		B04FA597221650B7007F049D /* TimelineCell.xib in Resources */ = {isa = PBXBuildFile; fileRef = B04FA596221650B7007F049D /* TimelineCell.xib */; };
		B04FA59922165C54007F049D /* PostViewController.swift in Sources */ = {isa = PBXBuildFile; fileRef = B04FA59822165C54007F049D /* PostViewController.swift */; };
		B0F0BAF2221F9F2000E81A08 /* MypageViewController.swift in Sources */ = {isa = PBXBuildFile; fileRef = B0F0BAF1221F9F2000E81A08 /* MypageViewController.swift */; };
		B0F0BAF4221FCF1E00E81A08 /* CommentTableViewController.swift in Sources */ = {isa = PBXBuildFile; fileRef = B0F0BAF3221FCF1E00E81A08 /* CommentTableViewController.swift */; };
		B0F0BAF6221FD08C00E81A08 /* Comment.swift in Sources */ = {isa = PBXBuildFile; fileRef = B0F0BAF5221FD08C00E81A08 /* Comment.swift */; };
/* End PBXBuildFile section */

/* Begin PBXFileReference section */
		516C548309D87BB167B39DF1 /* Pods-GSnap.debug.xcconfig */ = {isa = PBXFileReference; includeInIndex = 1; lastKnownFileType = text.xcconfig; name = "Pods-GSnap.debug.xcconfig"; path = "Target Support Files/Pods-GSnap/Pods-GSnap.debug.xcconfig"; sourceTree = "<group>"; };
		6E365CC89FBD651AD053CF51 /* Pods-GSnap.release.xcconfig */ = {isa = PBXFileReference; includeInIndex = 1; lastKnownFileType = text.xcconfig; name = "Pods-GSnap.release.xcconfig"; path = "Target Support Files/Pods-GSnap/Pods-GSnap.release.xcconfig"; sourceTree = "<group>"; };
		A40C7386DA850F2AFD3ADEFF /* Pods_GSnap.framework */ = {isa = PBXFileReference; explicitFileType = wrapper.framework; includeInIndex = 0; path = Pods_GSnap.framework; sourceTree = BUILT_PRODUCTS_DIR; };
		B01E5438220D152A00B3B8F0 /* GSnap.app */ = {isa = PBXFileReference; explicitFileType = wrapper.application; includeInIndex = 0; path = GSnap.app; sourceTree = BUILT_PRODUCTS_DIR; };
		B01E543B220D152A00B3B8F0 /* AppDelegate.swift */ = {isa = PBXFileReference; lastKnownFileType = sourcecode.swift; path = AppDelegate.swift; sourceTree = "<group>"; };
		B01E543D220D152A00B3B8F0 /* LoginViewController.swift */ = {isa = PBXFileReference; lastKnownFileType = sourcecode.swift; path = LoginViewController.swift; sourceTree = "<group>"; };
		B01E5440220D152A00B3B8F0 /* Base */ = {isa = PBXFileReference; lastKnownFileType = file.storyboard; name = Base; path = Base.lproj/Login.storyboard; sourceTree = "<group>"; };
		B01E5442220D152C00B3B8F0 /* Assets.xcassets */ = {isa = PBXFileReference; lastKnownFileType = folder.assetcatalog; path = Assets.xcassets; sourceTree = "<group>"; };
		B01E5445220D152C00B3B8F0 /* Base */ = {isa = PBXFileReference; lastKnownFileType = file.storyboard; name = Base; path = Base.lproj/LaunchScreen.storyboard; sourceTree = "<group>"; };
		B01E5447220D152C00B3B8F0 /* Info.plist */ = {isa = PBXFileReference; lastKnownFileType = text.plist.xml; path = Info.plist; sourceTree = "<group>"; };
		B01E544D220D1E0800B3B8F0 /* Api.swift */ = {isa = PBXFileReference; lastKnownFileType = sourcecode.swift; path = Api.swift; sourceTree = "<group>"; };
		B01E544F220D26A700B3B8F0 /* Extension.swift */ = {isa = PBXFileReference; lastKnownFileType = sourcecode.swift; path = Extension.swift; sourceTree = "<group>"; };
		B01E5451220D2A9900B3B8F0 /* Main.storyboard */ = {isa = PBXFileReference; lastKnownFileType = file.storyboard; path = Main.storyboard; sourceTree = "<group>"; };
		B01E5453220D2EE200B3B8F0 /* TimelineViewController.swift */ = {isa = PBXFileReference; lastKnownFileType = sourcecode.swift; path = TimelineViewController.swift; sourceTree = "<group>"; };
		B01E5455220D45C900B3B8F0 /* User.swift */ = {isa = PBXFileReference; lastKnownFileType = sourcecode.swift; path = User.swift; sourceTree = "<group>"; };
		B01E5457220D460400B3B8F0 /* Post.swift */ = {isa = PBXFileReference; lastKnownFileType = sourcecode.swift; path = Post.swift; sourceTree = "<group>"; };
		B04FA5942216506F007F049D /* TimelineCell.swift */ = {isa = PBXFileReference; lastKnownFileType = sourcecode.swift; path = TimelineCell.swift; sourceTree = "<group>"; };
		B04FA596221650B7007F049D /* TimelineCell.xib */ = {isa = PBXFileReference; lastKnownFileType = file.xib; path = TimelineCell.xib; sourceTree = "<group>"; };
		B04FA59822165C54007F049D /* PostViewController.swift */ = {isa = PBXFileReference; lastKnownFileType = sourcecode.swift; path = PostViewController.swift; sourceTree = "<group>"; };
		B0F0BAF1221F9F2000E81A08 /* MypageViewController.swift */ = {isa = PBXFileReference; lastKnownFileType = sourcecode.swift; path = MypageViewController.swift; sourceTree = "<group>"; };
		B0F0BAF3221FCF1E00E81A08 /* CommentTableViewController.swift */ = {isa = PBXFileReference; lastKnownFileType = sourcecode.swift; path = CommentTableViewController.swift; sourceTree = "<group>"; };
		B0F0BAF5221FD08C00E81A08 /* Comment.swift */ = {isa = PBXFileReference; lastKnownFileType = sourcecode.swift; path = Comment.swift; sourceTree = "<group>"; };
/* End PBXFileReference section */

/* Begin PBXFrameworksBuildPhase section */
		B01E5435220D152A00B3B8F0 /* Frameworks */ = {
			isa = PBXFrameworksBuildPhase;
			buildActionMask = 2147483647;
			files = (
				4AF48053981E702ABBFC6538 /* Pods_GSnap.framework in Frameworks */,
			);
			runOnlyForDeploymentPostprocessing = 0;
		};
/* End PBXFrameworksBuildPhase section */

/* Begin PBXGroup section */
		76D8E0C90CB3AA70A77F03D9 /* Pods */ = {
			isa = PBXGroup;
			children = (
				516C548309D87BB167B39DF1 /* Pods-GSnap.debug.xcconfig */,
				6E365CC89FBD651AD053CF51 /* Pods-GSnap.release.xcconfig */,
			);
			path = Pods;
			sourceTree = "<group>";
		};
		A2416240036BA32A6868CC88 /* Frameworks */ = {
			isa = PBXGroup;
			children = (
				A40C7386DA850F2AFD3ADEFF /* Pods_GSnap.framework */,
			);
			name = Frameworks;
			sourceTree = "<group>";
		};
		B01E542F220D152A00B3B8F0 = {
			isa = PBXGroup;
			children = (
				B01E543A220D152A00B3B8F0 /* GSnap */,
				B01E5439220D152A00B3B8F0 /* Products */,
				76D8E0C90CB3AA70A77F03D9 /* Pods */,
				A2416240036BA32A6868CC88 /* Frameworks */,
			);
			sourceTree = "<group>";
		};
		B01E5439220D152A00B3B8F0 /* Products */ = {
			isa = PBXGroup;
			children = (
				B01E5438220D152A00B3B8F0 /* GSnap.app */,
			);
			name = Products;
			sourceTree = "<group>";
		};
		B01E543A220D152A00B3B8F0 /* GSnap */ = {
			isa = PBXGroup;
			children = (
				B01E543B220D152A00B3B8F0 /* AppDelegate.swift */,
				B01E543D220D152A00B3B8F0 /* LoginViewController.swift */,
				B01E543F220D152A00B3B8F0 /* Login.storyboard */,
				B01E5442220D152C00B3B8F0 /* Assets.xcassets */,
				B01E5444220D152C00B3B8F0 /* LaunchScreen.storyboard */,
				B01E5447220D152C00B3B8F0 /* Info.plist */,
				B01E544D220D1E0800B3B8F0 /* Api.swift */,
				B01E544F220D26A700B3B8F0 /* Extension.swift */,
				B01E5451220D2A9900B3B8F0 /* Main.storyboard */,
				B01E5453220D2EE200B3B8F0 /* TimelineViewController.swift */,
				B01E5455220D45C900B3B8F0 /* User.swift */,
				B01E5457220D460400B3B8F0 /* Post.swift */,
				B04FA5942216506F007F049D /* TimelineCell.swift */,
				B04FA596221650B7007F049D /* TimelineCell.xib */,
				B04FA59822165C54007F049D /* PostViewController.swift */,
				B0F0BAF1221F9F2000E81A08 /* MypageViewController.swift */,
				B0F0BAF3221FCF1E00E81A08 /* CommentTableViewController.swift */,
				B0F0BAF5221FD08C00E81A08 /* Comment.swift */,
			);
			path = GSnap;
			sourceTree = "<group>";
		};
/* End PBXGroup section */

/* Begin PBXNativeTarget section */
		B01E5437220D152A00B3B8F0 /* GSnap */ = {
			isa = PBXNativeTarget;
			buildConfigurationList = B01E544A220D152C00B3B8F0 /* Build configuration list for PBXNativeTarget "GSnap" */;
			buildPhases = (
				9787DC00CC77619C735B2D2D /* [CP] Check Pods Manifest.lock */,
				B01E5434220D152A00B3B8F0 /* Sources */,
				B01E5435220D152A00B3B8F0 /* Frameworks */,
				B01E5436220D152A00B3B8F0 /* Resources */,
				8E4AD586855B45BA080E8CC0 /* [CP] Embed Pods Frameworks */,
			);
			buildRules = (
			);
			dependencies = (
			);
			name = GSnap;
			productName = GSnap;
			productReference = B01E5438220D152A00B3B8F0 /* GSnap.app */;
			productType = "com.apple.product-type.application";
		};
/* End PBXNativeTarget section */

/* Begin PBXProject section */
		B01E5430220D152A00B3B8F0 /* Project object */ = {
			isa = PBXProject;
			attributes = {
				LastSwiftUpdateCheck = 1010;
				LastUpgradeCheck = 1010;
				ORGANIZATIONNAME = thatnaoki;
				TargetAttributes = {
					B01E5437220D152A00B3B8F0 = {
						CreatedOnToolsVersion = 10.1;
					};
				};
			};
			buildConfigurationList = B01E5433220D152A00B3B8F0 /* Build configuration list for PBXProject "GSnap" */;
			compatibilityVersion = "Xcode 9.3";
			developmentRegion = en;
			hasScannedForEncodings = 0;
			knownRegions = (
				en,
				Base,
			);
			mainGroup = B01E542F220D152A00B3B8F0;
			productRefGroup = B01E5439220D152A00B3B8F0 /* Products */;
			projectDirPath = "";
			projectRoot = "";
			targets = (
				B01E5437220D152A00B3B8F0 /* GSnap */,
			);
		};
/* End PBXProject section */

/* Begin PBXResourcesBuildPhase section */
		B01E5436220D152A00B3B8F0 /* Resources */ = {
			isa = PBXResourcesBuildPhase;
			buildActionMask = 2147483647;
			files = (
				B01E5446220D152C00B3B8F0 /* LaunchScreen.storyboard in Resources */,
				B01E5443220D152C00B3B8F0 /* Assets.xcassets in Resources */,
				B04FA597221650B7007F049D /* TimelineCell.xib in Resources */,
				B01E5441220D152A00B3B8F0 /* Login.storyboard in Resources */,
				B01E5452220D2A9900B3B8F0 /* Main.storyboard in Resources */,
			);
			runOnlyForDeploymentPostprocessing = 0;
		};
/* End PBXResourcesBuildPhase section */

/* Begin PBXShellScriptBuildPhase section */
		8E4AD586855B45BA080E8CC0 /* [CP] Embed Pods Frameworks */ = {
			isa = PBXShellScriptBuildPhase;
			buildActionMask = 2147483647;
			files = (
			);
			inputFileListPaths = (
			);
			inputPaths = (
				"${PODS_ROOT}/Target Support Files/Pods-GSnap/Pods-GSnap-frameworks.sh",
				"${BUILT_PRODUCTS_DIR}/Alamofire/Alamofire.framework",
			);
			name = "[CP] Embed Pods Frameworks";
			outputFileListPaths = (
			);
			outputPaths = (
				"${TARGET_BUILD_DIR}/${FRAMEWORKS_FOLDER_PATH}/Alamofire.framework",
			);
			runOnlyForDeploymentPostprocessing = 0;
			shellPath = /bin/sh;
			shellScript = "\"${PODS_ROOT}/Target Support Files/Pods-GSnap/Pods-GSnap-frameworks.sh\"\n";
			showEnvVarsInLog = 0;
		};
		9787DC00CC77619C735B2D2D /* [CP] Check Pods Manifest.lock */ = {
			isa = PBXShellScriptBuildPhase;
			buildActionMask = 2147483647;
			files = (
			);
			inputFileListPaths = (
			);
			inputPaths = (
				"${PODS_PODFILE_DIR_PATH}/Podfile.lock",
				"${PODS_ROOT}/Manifest.lock",
			);
			name = "[CP] Check Pods Manifest.lock";
			outputFileListPaths = (
			);
			outputPaths = (
				"$(DERIVED_FILE_DIR)/Pods-GSnap-checkManifestLockResult.txt",
			);
			runOnlyForDeploymentPostprocessing = 0;
			shellPath = /bin/sh;
			shellScript = "diff \"${PODS_PODFILE_DIR_PATH}/Podfile.lock\" \"${PODS_ROOT}/Manifest.lock\" > /dev/null\nif [ $? != 0 ] ; then\n    # print error to STDERR\n    echo \"error: The sandbox is not in sync with the Podfile.lock. Run 'pod install' or update your CocoaPods installation.\" >&2\n    exit 1\nfi\n# This output is used by Xcode 'outputs' to avoid re-running this script phase.\necho \"SUCCESS\" > \"${SCRIPT_OUTPUT_FILE_0}\"\n";
			showEnvVarsInLog = 0;
		};
/* End PBXShellScriptBuildPhase section */

/* Begin PBXSourcesBuildPhase section */
		B01E5434220D152A00B3B8F0 /* Sources */ = {
			isa = PBXSourcesBuildPhase;
			buildActionMask = 2147483647;
			files = (
				B04FA59922165C54007F049D /* PostViewController.swift in Sources */,
				B01E544E220D1E0800B3B8F0 /* Api.swift in Sources */,
				B01E543E220D152A00B3B8F0 /* LoginViewController.swift in Sources */,
				B01E5456220D45C900B3B8F0 /* User.swift in Sources */,
				B01E5454220D2EE200B3B8F0 /* TimelineViewController.swift in Sources */,
				B0F0BAF2221F9F2000E81A08 /* MypageViewController.swift in Sources */,
				B04FA5952216506F007F049D /* TimelineCell.swift in Sources */,
				B0F0BAF6221FD08C00E81A08 /* Comment.swift in Sources */,
				B0F0BAF4221FCF1E00E81A08 /* CommentTableViewController.swift in Sources */,
				B01E543C220D152A00B3B8F0 /* AppDelegate.swift in Sources */,
				B01E5458220D460400B3B8F0 /* Post.swift in Sources */,
				B01E5450220D26A700B3B8F0 /* Extension.swift in Sources */,
			);
			runOnlyForDeploymentPostprocessing = 0;
		};
/* End PBXSourcesBuildPhase section */

/* Begin PBXVariantGroup section */
		B01E543F220D152A00B3B8F0 /* Login.storyboard */ = {
			isa = PBXVariantGroup;
			children = (
				B01E5440220D152A00B3B8F0 /* Base */,
			);
			name = Login.storyboard;
			sourceTree = "<group>";
		};
		B01E5444220D152C00B3B8F0 /* LaunchScreen.storyboard */ = {
			isa = PBXVariantGroup;
			children = (
				B01E5445220D152C00B3B8F0 /* Base */,
			);
			name = LaunchScreen.storyboard;
			sourceTree = "<group>";
		};
/* End PBXVariantGroup section */

/* Begin XCBuildConfiguration section */
		B01E5448220D152C00B3B8F0 /* Debug */ = {
			isa = XCBuildConfiguration;
			buildSettings = {
				ALWAYS_SEARCH_USER_PATHS = NO;
				CLANG_ANALYZER_NONNULL = YES;
				CLANG_ANALYZER_NUMBER_OBJECT_CONVERSION = YES_AGGRESSIVE;
				CLANG_CXX_LANGUAGE_STANDARD = "gnu++14";
				CLANG_CXX_LIBRARY = "libc++";
				CLANG_ENABLE_MODULES = YES;
				CLANG_ENABLE_OBJC_ARC = YES;
				CLANG_ENABLE_OBJC_WEAK = YES;
				CLANG_WARN_BLOCK_CAPTURE_AUTORELEASING = YES;
				CLANG_WARN_BOOL_CONVERSION = YES;
				CLANG_WARN_COMMA = YES;
				CLANG_WARN_CONSTANT_CONVERSION = YES;
				CLANG_WARN_DEPRECATED_OBJC_IMPLEMENTATIONS = YES;
				CLANG_WARN_DIRECT_OBJC_ISA_USAGE = YES_ERROR;
				CLANG_WARN_DOCUMENTATION_COMMENTS = YES;
				CLANG_WARN_EMPTY_BODY = YES;
				CLANG_WARN_ENUM_CONVERSION = YES;
				CLANG_WARN_INFINITE_RECURSION = YES;
				CLANG_WARN_INT_CONVERSION = YES;
				CLANG_WARN_NON_LITERAL_NULL_CONVERSION = YES;
				CLANG_WARN_OBJC_IMPLICIT_RETAIN_SELF = YES;
				CLANG_WARN_OBJC_LITERAL_CONVERSION = YES;
				CLANG_WARN_OBJC_ROOT_CLASS = YES_ERROR;
				CLANG_WARN_RANGE_LOOP_ANALYSIS = YES;
				CLANG_WARN_STRICT_PROTOTYPES = YES;
				CLANG_WARN_SUSPICIOUS_MOVE = YES;
				CLANG_WARN_UNGUARDED_AVAILABILITY = YES_AGGRESSIVE;
				CLANG_WARN_UNREACHABLE_CODE = YES;
				CLANG_WARN__DUPLICATE_METHOD_MATCH = YES;
				CODE_SIGN_IDENTITY = "iPhone Developer";
				COPY_PHASE_STRIP = NO;
				DEBUG_INFORMATION_FORMAT = dwarf;
				ENABLE_STRICT_OBJC_MSGSEND = YES;
				ENABLE_TESTABILITY = YES;
				GCC_C_LANGUAGE_STANDARD = gnu11;
				GCC_DYNAMIC_NO_PIC = NO;
				GCC_NO_COMMON_BLOCKS = YES;
				GCC_OPTIMIZATION_LEVEL = 0;
				GCC_PREPROCESSOR_DEFINITIONS = (
					"DEBUG=1",
					"$(inherited)",
				);
				GCC_WARN_64_TO_32_BIT_CONVERSION = YES;
				GCC_WARN_ABOUT_RETURN_TYPE = YES_ERROR;
				GCC_WARN_UNDECLARED_SELECTOR = YES;
				GCC_WARN_UNINITIALIZED_AUTOS = YES_AGGRESSIVE;
				GCC_WARN_UNUSED_FUNCTION = YES;
				GCC_WARN_UNUSED_VARIABLE = YES;
				IPHONEOS_DEPLOYMENT_TARGET = 12.1;
				MTL_ENABLE_DEBUG_INFO = INCLUDE_SOURCE;
				MTL_FAST_MATH = YES;
				ONLY_ACTIVE_ARCH = YES;
				SDKROOT = iphoneos;
				SWIFT_ACTIVE_COMPILATION_CONDITIONS = DEBUG;
				SWIFT_OPTIMIZATION_LEVEL = "-Onone";
			};
			name = Debug;
		};
		B01E5449220D152C00B3B8F0 /* Release */ = {
			isa = XCBuildConfiguration;
			buildSettings = {
				ALWAYS_SEARCH_USER_PATHS = NO;
				CLANG_ANALYZER_NONNULL = YES;
				CLANG_ANALYZER_NUMBER_OBJECT_CONVERSION = YES_AGGRESSIVE;
				CLANG_CXX_LANGUAGE_STANDARD = "gnu++14";
				CLANG_CXX_LIBRARY = "libc++";
				CLANG_ENABLE_MODULES = YES;
				CLANG_ENABLE_OBJC_ARC = YES;
				CLANG_ENABLE_OBJC_WEAK = YES;
				CLANG_WARN_BLOCK_CAPTURE_AUTORELEASING = YES;
				CLANG_WARN_BOOL_CONVERSION = YES;
				CLANG_WARN_COMMA = YES;
				CLANG_WARN_CONSTANT_CONVERSION = YES;
				CLANG_WARN_DEPRECATED_OBJC_IMPLEMENTATIONS = YES;
				CLANG_WARN_DIRECT_OBJC_ISA_USAGE = YES_ERROR;
				CLANG_WARN_DOCUMENTATION_COMMENTS = YES;
				CLANG_WARN_EMPTY_BODY = YES;
				CLANG_WARN_ENUM_CONVERSION = YES;
				CLANG_WARN_INFINITE_RECURSION = YES;
				CLANG_WARN_INT_CONVERSION = YES;
				CLANG_WARN_NON_LITERAL_NULL_CONVERSION = YES;
				CLANG_WARN_OBJC_IMPLICIT_RETAIN_SELF = YES;
				CLANG_WARN_OBJC_LITERAL_CONVERSION = YES;
				CLANG_WARN_OBJC_ROOT_CLASS = YES_ERROR;
				CLANG_WARN_RANGE_LOOP_ANALYSIS = YES;
				CLANG_WARN_STRICT_PROTOTYPES = YES;
				CLANG_WARN_SUSPICIOUS_MOVE = YES;
				CLANG_WARN_UNGUARDED_AVAILABILITY = YES_AGGRESSIVE;
				CLANG_WARN_UNREACHABLE_CODE = YES;
				CLANG_WARN__DUPLICATE_METHOD_MATCH = YES;
				CODE_SIGN_IDENTITY = "iPhone Developer";
				COPY_PHASE_STRIP = NO;
				DEBUG_INFORMATION_FORMAT = "dwarf-with-dsym";
				ENABLE_NS_ASSERTIONS = NO;
				ENABLE_STRICT_OBJC_MSGSEND = YES;
				GCC_C_LANGUAGE_STANDARD = gnu11;
				GCC_NO_COMMON_BLOCKS = YES;
				GCC_WARN_64_TO_32_BIT_CONVERSION = YES;
				GCC_WARN_ABOUT_RETURN_TYPE = YES_ERROR;
				GCC_WARN_UNDECLARED_SELECTOR = YES;
				GCC_WARN_UNINITIALIZED_AUTOS = YES_AGGRESSIVE;
				GCC_WARN_UNUSED_FUNCTION = YES;
				GCC_WARN_UNUSED_VARIABLE = YES;
				IPHONEOS_DEPLOYMENT_TARGET = 12.1;
				MTL_ENABLE_DEBUG_INFO = NO;
				MTL_FAST_MATH = YES;
				SDKROOT = iphoneos;
				SWIFT_COMPILATION_MODE = wholemodule;
				SWIFT_OPTIMIZATION_LEVEL = "-O";
				VALIDATE_PRODUCT = YES;
			};
			name = Release;
		};
		B01E544B220D152C00B3B8F0 /* Debug */ = {
			isa = XCBuildConfiguration;
			baseConfigurationReference = 516C548309D87BB167B39DF1 /* Pods-GSnap.debug.xcconfig */;
			buildSettings = {
				ASSETCATALOG_COMPILER_APPICON_NAME = AppIcon;
				CODE_SIGN_STYLE = Automatic;
				DEVELOPMENT_TEAM = S2X27Q955V;
				INFOPLIST_FILE = GSnap/Info.plist;
				LD_RUNPATH_SEARCH_PATHS = (
					"$(inherited)",
					"@executable_path/Frameworks",
				);
				PRODUCT_BUNDLE_IDENTIFIER = com.thatnaoki.GSnap;
				PRODUCT_NAME = "$(TARGET_NAME)";
				SWIFT_VERSION = 4.2;
				TARGETED_DEVICE_FAMILY = "1,2";
			};
			name = Debug;
		};
		B01E544C220D152C00B3B8F0 /* Release */ = {
			isa = XCBuildConfiguration;
			baseConfigurationReference = 6E365CC89FBD651AD053CF51 /* Pods-GSnap.release.xcconfig */;
			buildSettings = {
				ASSETCATALOG_COMPILER_APPICON_NAME = AppIcon;
				CODE_SIGN_STYLE = Automatic;
				DEVELOPMENT_TEAM = S2X27Q955V;
				INFOPLIST_FILE = GSnap/Info.plist;
				LD_RUNPATH_SEARCH_PATHS = (
					"$(inherited)",
					"@executable_path/Frameworks",
				);
				PRODUCT_BUNDLE_IDENTIFIER = com.thatnaoki.GSnap;
				PRODUCT_NAME = "$(TARGET_NAME)";
				SWIFT_VERSION = 4.2;
				TARGETED_DEVICE_FAMILY = "1,2";
			};
			name = Release;
		};
/* End XCBuildConfiguration section */

/* Begin XCConfigurationList section */
		B01E5433220D152A00B3B8F0 /* Build configuration list for PBXProject "GSnap" */ = {
			isa = XCConfigurationList;
			buildConfigurations = (
				B01E5448220D152C00B3B8F0 /* Debug */,
				B01E5449220D152C00B3B8F0 /* Release */,
			);
			defaultConfigurationIsVisible = 0;
			defaultConfigurationName = Release;
		};
		B01E544A220D152C00B3B8F0 /* Build configuration list for PBXNativeTarget "GSnap" */ = {
			isa = XCConfigurationList;
			buildConfigurations = (
				B01E544B220D152C00B3B8F0 /* Debug */,
				B01E544C220D152C00B3B8F0 /* Release */,
			);
			defaultConfigurationIsVisible = 0;
			defaultConfigurationName = Release;
		};
/* End XCConfigurationList section */
	};
	rootObject = B01E5430220D152A00B3B8F0 /* Project object */;
}
